
Microsoft Visual Studio Solution File, Format Version 12.00
# Visual Studio Version 17
VisualStudioVersion = 17.4.33205.214
MinimumVisualStudioVersion = 10.0.40219.1
Project("{9A19103F-16F7-4668-BE54-9A1E7A4F7556}") = "SportsStore", "SportsStore\SportsStore.csproj", "{D7F3AC17-1693-4312-85B4-197B147C97DE}"
EndProject
Project("{9A19103F-16F7-4668-BE54-9A1E7A4F7556}") = "SportsStore.Tests", "SportsStore.Tests\SportsStore.Tests.csproj", "{44C534D1-F02A-4B9C-9B16-0D68AE5C2AC8}"
EndProject
Global
	GlobalSection(SolutionConfigurationPlatforms) = preSolution
		Debug|Any CPU = Debug|Any CPU
		Release|Any CPU = Release|Any CPU
	EndGlobalSection
	GlobalSection(ProjectConfigurationPlatforms) = postSolution
		{D7F3AC17-1693-4312-85B4-197B147C97DE}.Debug|Any CPU.ActiveCfg = Debug|Any CPU
		{D7F3AC17-1693-4312-85B4-197B147C97DE}.Debug|Any CPU.Build.0 = Debug|Any CPU
		{D7F3AC17-1693-4312-85B4-197B147C97DE}.Release|Any CPU.ActiveCfg = Release|Any CPU
		{D7F3AC17-1693-4312-85B4-197B147C97DE}.Release|Any CPU.Build.0 = Release|Any CPU
		{44C534D1-F02A-4B9C-9B16-0D68AE5C2AC8}.Debug|Any CPU.ActiveCfg = Debug|Any CPU
		{44C534D1-F02A-4B9C-9B16-0D68AE5C2AC8}.Debug|Any CPU.Build.0 = Debug|Any CPU
		{44C534D1-F02A-4B9C-9B16-0D68AE5C2AC8}.Release|Any CPU.ActiveCfg = Release|Any CPU
		{44C534D1-F02A-4B9C-9B16-0D68AE5C2AC8}.Release|Any CPU.Build.0 = Release|Any CPU
	EndGlobalSection
	GlobalSection(SolutionProperties) = preSolution
		HideSolutionNode = FALSE
	EndGlobalSection
	GlobalSection(ExtensibilityGlobals) = postSolution
		SolutionGuid = {F406292B-7D83-4664-90B2-99888995AC2C}
	EndGlobalSection
EndGlobal
